
Microsoft Visual Studio Solution File, Format Version 11.00
# Visual Studio 2010
Project("{FAE04EC0-301F-11D3-BF4B-00C04F79EFBC}") = "Assembly-CSharp", "Assembly-CSharp.csproj", "{C353CE5B-8B13-A9E4-F1DE-7BDB13F65264}"
EndProject
Project("{FAE04EC0-301F-11D3-BF4B-00C04F79EFBC}") = "Assembly-CSharp-Editor", "Assembly-CSharp-Editor.csproj", "{1B725295-53A7-D531-8FB7-011F8C99A9AD}"
EndProject
Global
	GlobalSection(SolutionConfigurationPlatforms) = preSolution
		Debug|Any CPU = Debug|Any CPU
		Release|Any CPU = Release|Any CPU
	EndGlobalSection
	GlobalSection(ProjectConfigurationPlatforms) = postSolution
		{C353CE5B-8B13-A9E4-F1DE-7BDB13F65264}.Debug|Any CPU.ActiveCfg = Debug|Any CPU
		{C353CE5B-8B13-A9E4-F1DE-7BDB13F65264}.Debug|Any CPU.Build.0 = Debug|Any CPU
		{C353CE5B-8B13-A9E4-F1DE-7BDB13F65264}.Release|Any CPU.ActiveCfg = Release|Any CPU
		{C353CE5B-8B13-A9E4-F1DE-7BDB13F65264}.Release|Any CPU.Build.0 = Release|Any CPU
		{1B725295-53A7-D531-8FB7-011F8C99A9AD}.Debug|Any CPU.ActiveCfg = Debug|Any CPU
		{1B725295-53A7-D531-8FB7-011F8C99A9AD}.Debug|Any CPU.Build.0 = Debug|Any CPU
		{1B725295-53A7-D531-8FB7-011F8C99A9AD}.Release|Any CPU.ActiveCfg = Release|Any CPU
		{1B725295-53A7-D531-8FB7-011F8C99A9AD}.Release|Any CPU.Build.0 = Release|Any CPU
	EndGlobalSection
	GlobalSection(SolutionProperties) = preSolution
		HideSolutionNode = FALSE
	EndGlobalSection
EndGlobal
